
Microsoft Visual Studio Solution File, Format Version 12.00
# Visual Studio for Mac
Project("{FAE04EC0-301F-11D3-BF4B-00C04F79EFBC}") = "Assembly-CSharp", "Assembly-CSharp.csproj", "{AAB6A180-E82F-5FAB-EB29-EF7E8CC7197A}"
EndProject
Project("{FAE04EC0-301F-11D3-BF4B-00C04F79EFBC}") = "Assembly-CSharp-Editor", "Assembly-CSharp-Editor.csproj", "{2369882F-BB1D-5EC0-E1FE-A8B0AA8BA156}"
EndProject
Global
	GlobalSection(SolutionConfigurationPlatforms) = preSolution
		Debug|Any CPU = Debug|Any CPU
		Release|Any CPU = Release|Any CPU
	EndGlobalSection
	GlobalSection(ProjectConfigurationPlatforms) = postSolution
		{AAB6A180-E82F-5FAB-EB29-EF7E8CC7197A}.Debug|Any CPU.ActiveCfg = Debug|Any CPU
		{AAB6A180-E82F-5FAB-EB29-EF7E8CC7197A}.Debug|Any CPU.Build.0 = Debug|Any CPU
		{AAB6A180-E82F-5FAB-EB29-EF7E8CC7197A}.Release|Any CPU.ActiveCfg = Release|Any CPU
		{AAB6A180-E82F-5FAB-EB29-EF7E8CC7197A}.Release|Any CPU.Build.0 = Release|Any CPU
		{2369882F-BB1D-5EC0-E1FE-A8B0AA8BA156}.Debug|Any CPU.ActiveCfg = Debug|Any CPU
		{2369882F-BB1D-5EC0-E1FE-A8B0AA8BA156}.Debug|Any CPU.Build.0 = Debug|Any CPU
		{2369882F-BB1D-5EC0-E1FE-A8B0AA8BA156}.Release|Any CPU.ActiveCfg = Release|Any CPU
		{2369882F-BB1D-5EC0-E1FE-A8B0AA8BA156}.Release|Any CPU.Build.0 = Release|Any CPU
	EndGlobalSection
	GlobalSection(SolutionProperties) = preSolution
		HideSolutionNode = FALSE
	EndGlobalSection
EndGlobal
